
Microsoft Visual Studio Solution File, Format Version 12.00
# Visual Studio Version 17
VisualStudioVersion = 17.10.34916.146
MinimumVisualStudioVersion = 10.0.40219.1
Project("{FAE04EC0-301F-11D3-BF4B-00C04F79EFBC}") = "TinyCompiler", "TinyCompiler\TinyCompiler.csproj", "{13FA0203-DA93-4C27-8C43-1A0DA4B50C3E}"
EndProject
Global
	GlobalSection(SolutionConfigurationPlatforms) = preSolution
		Debug|Any CPU = Debug|Any CPU
		Release|Any CPU = Release|Any CPU
	EndGlobalSection
	GlobalSection(ProjectConfigurationPlatforms) = postSolution
		{13FA0203-DA93-4C27-8C43-1A0DA4B50C3E}.Debug|Any CPU.ActiveCfg = Debug|Any CPU
		{13FA0203-DA93-4C27-8C43-1A0DA4B50C3E}.Debug|Any CPU.Build.0 = Debug|Any CPU
		{13FA0203-DA93-4C27-8C43-1A0DA4B50C3E}.Release|Any CPU.ActiveCfg = Release|Any CPU
		{13FA0203-DA93-4C27-8C43-1A0DA4B50C3E}.Release|Any CPU.Build.0 = Release|Any CPU
	EndGlobalSection
	GlobalSection(SolutionProperties) = preSolution
		HideSolutionNode = FALSE
	EndGlobalSection
	GlobalSection(ExtensibilityGlobals) = postSolution
		SolutionGuid = {C6BB460C-2905-4641-B6B7-D1051E0202BA}
	EndGlobalSection
EndGlobal
